---
label: Testimonials Section
hide_body: true
display_field: title
fields:
- type: text
  name: title
  label: Title
  description: The title of the section.
- type: text
  name: section_id
  label: Element ID
- type: text
  name: component
  label: Component
  hidden: true
  default: TestimonialsBlock
  config:
    required: true
- type: text
  name: subtitle
  label: Subtitle
  description: The subtitle of the section.
- type: field_group_list
  name: testimonialslist
  label: Testimonials
  fields:
  - type: text
    name: author
    label: Author
    description: The author of the testimonial.
  - type: file
    name: avatar
    label: Avatar
    description: The avatar of the testimonial author.
  - type: text
    name: content
    label: Content
    description: The text content of the testimonial.
  config:
    labelField: author
- type: text
  name: type
  label: Reference Type Name
  description: Name of the Stackbit object model, used by fields of type reference
  hidden: true
  default: testimonialsblock
  config:
    required: true
